
Microsoft Visual Studio Solution File, Format Version 12.00
# Visual Studio Version 17
VisualStudioVersion = 17.11.35208.52
MinimumVisualStudioVersion = 10.0.40219.1
Project("{FAE04EC0-301F-11D3-BF4B-00C04F79EFBC}") = "HomeWork", "HomeWork\HomeWork.csproj", "{B8E07DAC-2D9C-48BC-8821-6239B0DE4F5B}"
EndProject
Global
	GlobalSection(SolutionConfigurationPlatforms) = preSolution
		Debug|Any CPU = Debug|Any CPU
		Release|Any CPU = Release|Any CPU
	EndGlobalSection
	GlobalSection(ProjectConfigurationPlatforms) = postSolution
		{B8E07DAC-2D9C-48BC-8821-6239B0DE4F5B}.Debug|Any CPU.ActiveCfg = Debug|Any CPU
		{B8E07DAC-2D9C-48BC-8821-6239B0DE4F5B}.Debug|Any CPU.Build.0 = Debug|Any CPU
		{B8E07DAC-2D9C-48BC-8821-6239B0DE4F5B}.Release|Any CPU.ActiveCfg = Release|Any CPU
		{B8E07DAC-2D9C-48BC-8821-6239B0DE4F5B}.Release|Any CPU.Build.0 = Release|Any CPU
	EndGlobalSection
	GlobalSection(SolutionProperties) = preSolution
		HideSolutionNode = FALSE
	EndGlobalSection
	GlobalSection(ExtensibilityGlobals) = postSolution
		SolutionGuid = {107C1D6C-0AD7-4438-8DAB-C8CAC3349F91}
	EndGlobalSection
EndGlobal
